
Microsoft Visual Studio Solution File, Format Version 12.00
# Visual Studio Version 17
VisualStudioVersion = 17.1.32414.318
MinimumVisualStudioVersion = 10.0.40219.1
Project("{FAE04EC0-301F-11D3-BF4B-00C04F79EFBC}") = "GameBoyDumperFrontend", "GameBoyDumperFrontend\GameBoyDumperFrontend.csproj", "{226AE5A2-D775-482F-AF49-BB3C074EC1C5}"
EndProject
Global
	GlobalSection(SolutionConfigurationPlatforms) = preSolution
		Debug|Any CPU = Debug|Any CPU
		Release|Any CPU = Release|Any CPU
	EndGlobalSection
	GlobalSection(ProjectConfigurationPlatforms) = postSolution
		{226AE5A2-D775-482F-AF49-BB3C074EC1C5}.Debug|Any CPU.ActiveCfg = Debug|Any CPU
		{226AE5A2-D775-482F-AF49-BB3C074EC1C5}.Debug|Any CPU.Build.0 = Debug|Any CPU
		{226AE5A2-D775-482F-AF49-BB3C074EC1C5}.Release|Any CPU.ActiveCfg = Release|Any CPU
		{226AE5A2-D775-482F-AF49-BB3C074EC1C5}.Release|Any CPU.Build.0 = Release|Any CPU
	EndGlobalSection
	GlobalSection(SolutionProperties) = preSolution
		HideSolutionNode = FALSE
	EndGlobalSection
	GlobalSection(ExtensibilityGlobals) = postSolution
		SolutionGuid = {DB10DDDA-1B31-4AE6-BA30-DEAA10FBC02D}
	EndGlobalSection
EndGlobal
